
Microsoft Visual Studio Solution File, Format Version 12.00
# Visual Studio Version 16
VisualStudioVersion = 16.0.30128.74
MinimumVisualStudioVersion = 10.0.40219.1
Project("{FAE04EC0-301F-11D3-BF4B-00C04F79EFBC}") = "CourtBaseProject", "CourtBaseProject\CourtBaseProject.csproj", "{3ADA9722-A14E-4BAC-B62C-187EC52CB19B}"
EndProject
Global
	GlobalSection(SolutionConfigurationPlatforms) = preSolution
		Debug|Any CPU = Debug|Any CPU
		Release|Any CPU = Release|Any CPU
	EndGlobalSection
	GlobalSection(ProjectConfigurationPlatforms) = postSolution
		{3ADA9722-A14E-4BAC-B62C-187EC52CB19B}.Debug|Any CPU.ActiveCfg = Debug|Any CPU
		{3ADA9722-A14E-4BAC-B62C-187EC52CB19B}.Debug|Any CPU.Build.0 = Debug|Any CPU
		{3ADA9722-A14E-4BAC-B62C-187EC52CB19B}.Release|Any CPU.ActiveCfg = Release|Any CPU
		{3ADA9722-A14E-4BAC-B62C-187EC52CB19B}.Release|Any CPU.Build.0 = Release|Any CPU
	EndGlobalSection
	GlobalSection(SolutionProperties) = preSolution
		HideSolutionNode = FALSE
	EndGlobalSection
	GlobalSection(ExtensibilityGlobals) = postSolution
		SolutionGuid = {D3115BD1-0521-46DB-9A89-F120B89F771C}
	EndGlobalSection
EndGlobal
